
Microsoft Visual Studio Solution File, Format Version 12.00
# Visual Studio Version 16
VisualStudioVersion = 16.0.31624.102
MinimumVisualStudioVersion = 10.0.40219.1
Project("{FAE04EC0-301F-11D3-BF4B-00C04F79EFBC}") = "TestProject", "TestProject\TestProject.csproj", "{543F14C1-2E9A-43D1-AE95-626DC9AC2678}"
EndProject
Project("{FAE04EC0-301F-11D3-BF4B-00C04F79EFBC}") = "TestProject.Tests", "TestProject.Tests\TestProject.Tests.csproj", "{B650FED4-0D13-4B47-8740-EA4D1AC58DB3}"
EndProject
Global
	GlobalSection(SolutionConfigurationPlatforms) = preSolution
		Debug|Any CPU = Debug|Any CPU
		Release|Any CPU = Release|Any CPU
	EndGlobalSection
	GlobalSection(ProjectConfigurationPlatforms) = postSolution
		{543F14C1-2E9A-43D1-AE95-626DC9AC2678}.Debug|Any CPU.ActiveCfg = Debug|Any CPU
		{543F14C1-2E9A-43D1-AE95-626DC9AC2678}.Debug|Any CPU.Build.0 = Debug|Any CPU
		{543F14C1-2E9A-43D1-AE95-626DC9AC2678}.Release|Any CPU.ActiveCfg = Release|Any CPU
		{543F14C1-2E9A-43D1-AE95-626DC9AC2678}.Release|Any CPU.Build.0 = Release|Any CPU
		{B650FED4-0D13-4B47-8740-EA4D1AC58DB3}.Debug|Any CPU.ActiveCfg = Debug|Any CPU
		{B650FED4-0D13-4B47-8740-EA4D1AC58DB3}.Debug|Any CPU.Build.0 = Debug|Any CPU
		{B650FED4-0D13-4B47-8740-EA4D1AC58DB3}.Release|Any CPU.ActiveCfg = Release|Any CPU
		{B650FED4-0D13-4B47-8740-EA4D1AC58DB3}.Release|Any CPU.Build.0 = Release|Any CPU
	EndGlobalSection
	GlobalSection(SolutionProperties) = preSolution
		HideSolutionNode = FALSE
	EndGlobalSection
	GlobalSection(ExtensibilityGlobals) = postSolution
		SolutionGuid = {B3C514A7-B215-4409-80D0-5A17B9DAA9AF}
	EndGlobalSection
EndGlobal
